Microsoft Visual Studio Solution File, Format Version 12.00
# Visual Studio Version 17
VisualStudioVersion = 17.5.2.0
MinimumVisualStudioVersion = 10.0.40219.1
Project("{FAE04EC0-301F-11D3-BF4B-00C04F79EFBC}") = "SysCore", "SysCore.csproj", "{412598A1-0675-F707-47C4-EB2A2E1E9833}"
EndProject
Global
	GlobalSection(SolutionConfigurationPlatforms) = preSolution
		Debug|Any CPU = Debug|Any CPU
		Release|Any CPU = Release|Any CPU
	EndGlobalSection
	GlobalSection(ProjectConfigurationPlatforms) = postSolution
		{412598A1-0675-F707-47C4-EB2A2E1E9833}.Debug|Any CPU.ActiveCfg = Debug|Any CPU
		{412598A1-0675-F707-47C4-EB2A2E1E9833}.Debug|Any CPU.Build.0 = Debug|Any CPU
		{412598A1-0675-F707-47C4-EB2A2E1E9833}.Release|Any CPU.ActiveCfg = Release|Any CPU
		{412598A1-0675-F707-47C4-EB2A2E1E9833}.Release|Any CPU.Build.0 = Release|Any CPU
	EndGlobalSection
	GlobalSection(SolutionProperties) = preSolution
		HideSolutionNode = FALSE
	EndGlobalSection
	GlobalSection(ExtensibilityGlobals) = postSolution
		SolutionGuid = {5E1EE6E5-C660-470E-BF43-EF9CFA81B32A}
	EndGlobalSection
EndGlobal
